
Microsoft Visual Studio Solution File, Format Version 12.00
# Visual Studio Version 16
VisualStudioVersion = 16.0.31911.196
MinimumVisualStudioVersion = 10.0.40219.1
Project("{FAE04EC0-301F-11D3-BF4B-00C04F79EFBC}") = "IMDB_Films", "IMDB_Films.csproj", "{6201881B-5BF0-4EB0-8B83-421D7E75D857}"
EndProject
Global
	GlobalSection(SolutionConfigurationPlatforms) = preSolution
		Debug|Any CPU = Debug|Any CPU
		Release|Any CPU = Release|Any CPU
	EndGlobalSection
	GlobalSection(ProjectConfigurationPlatforms) = postSolution
		{6201881B-5BF0-4EB0-8B83-421D7E75D857}.Debug|Any CPU.ActiveCfg = Debug|Any CPU
		{6201881B-5BF0-4EB0-8B83-421D7E75D857}.Debug|Any CPU.Build.0 = Debug|Any CPU
		{6201881B-5BF0-4EB0-8B83-421D7E75D857}.Release|Any CPU.ActiveCfg = Release|Any CPU
		{6201881B-5BF0-4EB0-8B83-421D7E75D857}.Release|Any CPU.Build.0 = Release|Any CPU
	EndGlobalSection
	GlobalSection(SolutionProperties) = preSolution
		HideSolutionNode = FALSE
	EndGlobalSection
	GlobalSection(ExtensibilityGlobals) = postSolution
		SolutionGuid = {B765C277-6CB2-4CC5-8B95-77B0889CE1ED}
	EndGlobalSection
EndGlobal
